
Microsoft Visual Studio Solution File, Format Version 12.00
# Visual Studio Version 17
VisualStudioVersion = 17.14.36310.24
MinimumVisualStudioVersion = 10.0.40219.1
Project("{FAE04EC0-301F-11D3-BF4B-00C04F79EFBC}") = "CQRS.NoLibrary", "CQRS.NoLibrary.csproj", "{7B80EE03-DC3B-49B6-AF20-003C2008C2C3}"
EndProject
Global
	GlobalSection(SolutionConfigurationPlatforms) = preSolution
		Debug|Any CPU = Debug|Any CPU
		Release|Any CPU = Release|Any CPU
	EndGlobalSection
	GlobalSection(ProjectConfigurationPlatforms) = postSolution
		{7B80EE03-DC3B-49B6-AF20-003C2008C2C3}.Debug|Any CPU.ActiveCfg = Debug|Any CPU
		{7B80EE03-DC3B-49B6-AF20-003C2008C2C3}.Debug|Any CPU.Build.0 = Debug|Any CPU
		{7B80EE03-DC3B-49B6-AF20-003C2008C2C3}.Release|Any CPU.ActiveCfg = Release|Any CPU
		{7B80EE03-DC3B-49B6-AF20-003C2008C2C3}.Release|Any CPU.Build.0 = Release|Any CPU
	EndGlobalSection
	GlobalSection(SolutionProperties) = preSolution
		HideSolutionNode = FALSE
	EndGlobalSection
	GlobalSection(ExtensibilityGlobals) = postSolution
		SolutionGuid = {7021C281-E689-4901-BA10-8EABB5C5B915}
	EndGlobalSection
EndGlobal
